// !$*UTF8*$!
{
	archiveVersion = 1;
	classes = {
	};
	objectVersion = 48;
	objects = {

/* Begin PBXBuildFile section */
		AF3D910020330463007AC81D /* GamePlay.swift in Sources */ = {isa = PBXBuildFile; fileRef = AF3D90FF20330463007AC81D /* GamePlay.swift */; };
		AF3D910520330719007AC81D /* Localizable.strings in Resources */ = {isa = PBXBuildFile; fileRef = AF3D910720330719007AC81D /* Localizable.strings */; };
		AF914BE720173B4B0074BA24 /* AppDelegate.swift in Sources */ = {isa = PBXBuildFile; fileRef = AF914BE620173B4B0074BA24 /* AppDelegate.swift */; };
		AF914BE920173B4C0074BA24 /* ViewController.swift in Sources */ = {isa = PBXBuildFile; fileRef = AF914BE820173B4C0074BA24 /* ViewController.swift */; };
		AF914BEC20173B4C0074BA24 /* Main.storyboard in Resources */ = {isa = PBXBuildFile; fileRef = AF914BEA20173B4C0074BA24 /* Main.storyboard */; };
		AF914BEE20173B4C0074BA24 /* Assets.xcassets in Resources */ = {isa = PBXBuildFile; fileRef = AF914BED20173B4C0074BA24 /* Assets.xcassets */; };
		AF914BF120173B4C0074BA24 /* LaunchScreen.storyboard in Resources */ = {isa = PBXBuildFile; fileRef = AF914BEF20173B4C0074BA24 /* LaunchScreen.storyboard */; };
		AF98DBF02021C2E2007A20CA /* Notes.rtf in Resources */ = {isa = PBXBuildFile; fileRef = AF98DBEF2021C2E2007A20CA /* Notes.rtf */; };
		AF99D390201A60D2002D14B2 /* Cards.swift in Sources */ = {isa = PBXBuildFile; fileRef = AF99D38F201A60D2002D14B2 /* Cards.swift */; };
/* End PBXBuildFile section */

/* Begin PBXFileReference section */
		AF3D90FF20330463007AC81D /* GamePlay.swift */ = {isa = PBXFileReference; lastKnownFileType = sourcecode.swift; path = GamePlay.swift; sourceTree = "<group>"; };
		AF3D91012033061F007AC81D /* sv */ = {isa = PBXFileReference; lastKnownFileType = text.plist.strings; name = sv; path = sv.lproj/Main.strings; sourceTree = "<group>"; };
		AF3D91022033061F007AC81D /* sv */ = {isa = PBXFileReference; lastKnownFileType = text.plist.strings; name = sv; path = sv.lproj/LaunchScreen.strings; sourceTree = "<group>"; };
		AF3D910620330719007AC81D /* sv */ = {isa = PBXFileReference; lastKnownFileType = text.plist.strings; name = sv; path = sv.lproj/Localizable.strings; sourceTree = "<group>"; };
		AF3D910820330725007AC81D /* Base */ = {isa = PBXFileReference; lastKnownFileType = text.plist.strings; name = Base; path = Base.lproj/Localizable.strings; sourceTree = "<group>"; };
		AF914BE320173B4B0074BA24 /* Projekt_1.app */ = {isa = PBXFileReference; explicitFileType = wrapper.application; includeInIndex = 0; path = Projekt_1.app; sourceTree = BUILT_PRODUCTS_DIR; };
		AF914BE620173B4B0074BA24 /* AppDelegate.swift */ = {isa = PBXFileReference; lastKnownFileType = sourcecode.swift; path = AppDelegate.swift; sourceTree = "<group>"; };
		AF914BE820173B4C0074BA24 /* ViewController.swift */ = {isa = PBXFileReference; lastKnownFileType = sourcecode.swift; path = ViewController.swift; sourceTree = "<group>"; };
		AF914BEB20173B4C0074BA24 /* Base */ = {isa = PBXFileReference; lastKnownFileType = file.storyboard; name = Base; path = Base.lproj/Main.storyboard; sourceTree = "<group>"; };
		AF914BED20173B4C0074BA24 /* Assets.xcassets */ = {isa = PBXFileReference; lastKnownFileType = folder.assetcatalog; path = Assets.xcassets; sourceTree = "<group>"; };
		AF914BF020173B4C0074BA24 /* Base */ = {isa = PBXFileReference; lastKnownFileType = file.storyboard; name = Base; path = Base.lproj/LaunchScreen.storyboard; sourceTree = "<group>"; };
		AF914BF220173B4C0074BA24 /* Info.plist */ = {isa = PBXFileReference; lastKnownFileType = text.plist.xml; path = Info.plist; sourceTree = "<group>"; };
		AF98DBEF2021C2E2007A20CA /* Notes.rtf */ = {isa = PBXFileReference; lastKnownFileType = text.rtf; path = Notes.rtf; sourceTree = "<group>"; };
		AF99D38F201A60D2002D14B2 /* Cards.swift */ = {isa = PBXFileReference; lastKnownFileType = sourcecode.swift; path = Cards.swift; sourceTree = "<group>"; };
/* End PBXFileReference section */

/* Begin PBXFrameworksBuildPhase section */
		AF914BE020173B4B0074BA24 /* Frameworks */ = {
			isa = PBXFrameworksBuildPhase;
			buildActionMask = 2147483647;
			files = (
			);
			runOnlyForDeploymentPostprocessing = 0;
		};
/* End PBXFrameworksBuildPhase section */

/* Begin PBXGroup section */
		AF914BDA20173B4B0074BA24 = {
			isa = PBXGroup;
			children = (
				AF914BE520173B4B0074BA24 /* Projekt_1 */,
				AF914BE420173B4B0074BA24 /* Products */,
			);
			sourceTree = "<group>";
		};
		AF914BE420173B4B0074BA24 /* Products */ = {
			isa = PBXGroup;
			children = (
				AF914BE320173B4B0074BA24 /* Projekt_1.app */,
			);
			name = Products;
			sourceTree = "<group>";
		};
		AF914BE520173B4B0074BA24 /* Projekt_1 */ = {
			isa = PBXGroup;
			children = (
				AF914BE620173B4B0074BA24 /* AppDelegate.swift */,
				AF914BE820173B4C0074BA24 /* ViewController.swift */,
				AF99D38F201A60D2002D14B2 /* Cards.swift */,
				AF914BEA20173B4C0074BA24 /* Main.storyboard */,
				AF914BED20173B4C0074BA24 /* Assets.xcassets */,
				AF914BEF20173B4C0074BA24 /* LaunchScreen.storyboard */,
				AF914BF220173B4C0074BA24 /* Info.plist */,
				AF98DBEF2021C2E2007A20CA /* Notes.rtf */,
				AF3D90FF20330463007AC81D /* GamePlay.swift */,
				AF3D910720330719007AC81D /* Localizable.strings */,
			);
			path = Projekt_1;
			sourceTree = "<group>";
		};
/* End PBXGroup section */

/* Begin PBXNativeTarget section */
		AF914BE220173B4B0074BA24 /* Projekt_1 */ = {
			isa = PBXNativeTarget;
			buildConfigurationList = AF914BF520173B4C0074BA24 /* Build configuration list for PBXNativeTarget "Projekt_1" */;
			buildPhases = (
				AF914BDF20173B4B0074BA24 /* Sources */,
				AF914BE020173B4B0074BA24 /* Frameworks */,
				AF914BE120173B4B0074BA24 /* Resources */,
			);
			buildRules = (
			);
			dependencies = (
			);
			name = Projekt_1;
			productName = Projekt_1;
			productReference = AF914BE320173B4B0074BA24 /* Projekt_1.app */;
			productType = "com.apple.product-type.application";
		};
/* End PBXNativeTarget section */

/* Begin PBXProject section */
		AF914BDB20173B4B0074BA24 /* Project object */ = {
			isa = PBXProject;
			attributes = {
				LastSwiftUpdateCheck = 0920;
				LastUpgradeCheck = 0920;
				ORGANIZATIONNAME = Henrik;
				TargetAttributes = {
					AF914BE220173B4B0074BA24 = {
						CreatedOnToolsVersion = 9.2;
						ProvisioningStyle = Automatic;
					};
				};
			};
			buildConfigurationList = AF914BDE20173B4B0074BA24 /* Build configuration list for PBXProject "Projekt_1-2" */;
			compatibilityVersion = "Xcode 8.0";
			developmentRegion = en;
			hasScannedForEncodings = 0;
			knownRegions = (
				en,
				Base,
			);
			mainGroup = AF914BDA20173B4B0074BA24;
			productRefGroup = AF914BE420173B4B0074BA24 /* Products */;
			projectDirPath = "";
			projectRoot = "";
			targets = (
				AF914BE220173B4B0074BA24 /* Projekt_1 */,
			);
		};
/* End PBXProject section */

/* Begin PBXResourcesBuildPhase section */
		AF914BE120173B4B0074BA24 /* Resources */ = {
			isa = PBXResourcesBuildPhase;
			buildActionMask = 2147483647;
			files = (
				AF3D910520330719007AC81D /* Localizable.strings in Resources */,
				AF98DBF02021C2E2007A20CA /* Notes.rtf in Resources */,
				AF914BF120173B4C0074BA24 /* LaunchScreen.storyboard in Resources */,
				AF914BEE20173B4C0074BA24 /* Assets.xcassets in Resources */,
				AF914BEC20173B4C0074BA24 /* Main.storyboard in Resources */,
			);
			runOnlyForDeploymentPostprocessing = 0;
		};
/* End PBXResourcesBuildPhase section */

/* Begin PBXSourcesBuildPhase section */
		AF914BDF20173B4B0074BA24 /* Sources */ = {
			isa = PBXSourcesBuildPhase;
			buildActionMask = 2147483647;
			files = (
				AF99D390201A60D2002D14B2 /* Cards.swift in Sources */,
				AF3D910020330463007AC81D /* GamePlay.swift in Sources */,
				AF914BE920173B4C0074BA24 /* ViewController.swift in Sources */,
				AF914BE720173B4B0074BA24 /* AppDelegate.swift in Sources */,
			);
			runOnlyForDeploymentPostprocessing = 0;
		};
/* End PBXSourcesBuildPhase section */

/* Begin PBXVariantGroup section */
		AF3D910720330719007AC81D /* Localizable.strings */ = {
			isa = PBXVariantGroup;
			children = (
				AF3D910620330719007AC81D /* sv */,
				AF3D910820330725007AC81D /* Base */,
			);
			name = Localizable.strings;
			sourceTree = "<group>";
		};
		AF914BEA20173B4C0074BA24 /* Main.storyboard */ = {
			isa = PBXVariantGroup;
			children = (
				AF914BEB20173B4C0074BA24 /* Base */,
				AF3D91012033061F007AC81D /* sv */,
			);
			name = Main.storyboard;
			sourceTree = "<group>";
		};
		AF914BEF20173B4C0074BA24 /* LaunchScreen.storyboard */ = {
			isa = PBXVariantGroup;
			children = (
				AF914BF020173B4C0074BA24 /* Base */,
				AF3D91022033061F007AC81D /* sv */,
			);
			name = LaunchScreen.storyboard;
			sourceTree = "<group>";
		};
/* End PBXVariantGroup section */

/* Begin XCBuildConfiguration section */
		AF914BF320173B4C0074BA24 /* Debug */ = {
			isa = XCBuildConfiguration;
			buildSettings = {
				ALWAYS_SEARCH_USER_PATHS = NO;
				CLANG_ANALYZER_LOCALIZABILITY_NONLOCALIZED = YES;
				CLANG_ANALYZER_NONNULL = YES;
				CLANG_ANALYZER_NUMBER_OBJECT_CONVERSION = YES_AGGRESSIVE;
				CLANG_CXX_LANGUAGE_STANDARD = "gnu++14";
				CLANG_CXX_LIBRARY = "libc++";
				CLANG_ENABLE_MODULES = YES;
				CLANG_ENABLE_OBJC_ARC = YES;
				CLANG_WARN_BLOCK_CAPTURE_AUTORELEASING = YES;
				CLANG_WARN_BOOL_CONVERSION = YES;
				CLANG_WARN_COMMA = YES;
				CLANG_WARN_CONSTANT_CONVERSION = YES;
				CLANG_WARN_DIRECT_OBJC_ISA_USAGE = YES_ERROR;
				CLANG_WARN_DOCUMENTATION_COMMENTS = YES;
				CLANG_WARN_EMPTY_BODY = YES;
				CLANG_WARN_ENUM_CONVERSION = YES;
				CLANG_WARN_INFINITE_RECURSION = YES;
				CLANG_WARN_INT_CONVERSION = YES;
				CLANG_WARN_NON_LITERAL_NULL_CONVERSION = YES;
				CLANG_WARN_OBJC_LITERAL_CONVERSION = YES;
				CLANG_WARN_OBJC_ROOT_CLASS = YES_ERROR;
				CLANG_WARN_RANGE_LOOP_ANALYSIS = YES;
				CLANG_WARN_STRICT_PROTOTYPES = YES;
				CLANG_WARN_SUSPICIOUS_MOVE = YES;
				CLANG_WARN_UNGUARDED_AVAILABILITY = YES_AGGRESSIVE;
				CLANG_WARN_UNREACHABLE_CODE = YES;
				CLANG_WARN__DUPLICATE_METHOD_MATCH = YES;
				CODE_SIGN_IDENTITY = "iPhone Developer";
				COPY_PHASE_STRIP = NO;
				DEBUG_INFORMATION_FORMAT = dwarf;
				ENABLE_STRICT_OBJC_MSGSEND = YES;
				ENABLE_TESTABILITY = YES;
				GCC_C_LANGUAGE_STANDARD = gnu11;
				GCC_DYNAMIC_NO_PIC = NO;
				GCC_NO_COMMON_BLOCKS = YES;
				GCC_OPTIMIZATION_LEVEL = 0;
				GCC_PREPROCESSOR_DEFINITIONS = (
					"DEBUG=1",
					"$(inherited)",
				);
				GCC_WARN_64_TO_32_BIT_CONVERSION = YES;
				GCC_WARN_ABOUT_RETURN_TYPE = YES_ERROR;
				GCC_WARN_UNDECLARED_SELECTOR = YES;
				GCC_WARN_UNINITIALIZED_AUTOS = YES_AGGRESSIVE;
				GCC_WARN_UNUSED_FUNCTION = YES;
				GCC_WARN_UNUSED_VARIABLE = YES;
				IPHONEOS_DEPLOYMENT_TARGET = 11.2;
				MTL_ENABLE_DEBUG_INFO = YES;
				ONLY_ACTIVE_ARCH = YES;
				SDKROOT = iphoneos;
				SWIFT_ACTIVE_COMPILATION_CONDITIONS = DEBUG;
				SWIFT_OPTIMIZATION_LEVEL = "-Onone";
			};
			name = Debug;
		};
		AF914BF420173B4C0074BA24 /* Release */ = {
			isa = XCBuildConfiguration;
			buildSettings = {
				ALWAYS_SEARCH_USER_PATHS = NO;
				CLANG_ANALYZER_LOCALIZABILITY_NONLOCALIZED = YES;
				CLANG_ANALYZER_NONNULL = YES;
				CLANG_ANALYZER_NUMBER_OBJECT_CONVERSION = YES_AGGRESSIVE;
				CLANG_CXX_LANGUAGE_STANDARD = "gnu++14";
				CLANG_CXX_LIBRARY = "libc++";
				CLANG_ENABLE_MODULES = YES;
				CLANG_ENABLE_OBJC_ARC = YES;
				CLANG_WARN_BLOCK_CAPTURE_AUTORELEASING = YES;
				CLANG_WARN_BOOL_CONVERSION = YES;
				CLANG_WARN_COMMA = YES;
				CLANG_WARN_CONSTANT_CONVERSION = YES;
				CLANG_WARN_DIRECT_OBJC_ISA_USAGE = YES_ERROR;
				CLANG_WARN_DOCUMENTATION_COMMENTS = YES;
				CLANG_WARN_EMPTY_BODY = YES;
				CLANG_WARN_ENUM_CONVERSION = YES;
				CLANG_WARN_INFINITE_RECURSION = YES;
				CLANG_WARN_INT_CONVERSION = YES;
				CLANG_WARN_NON_LITERAL_NULL_CONVERSION = YES;
				CLANG_WARN_OBJC_LITERAL_CONVERSION = YES;
				CLANG_WARN_OBJC_ROOT_CLASS = YES_ERROR;
				CLANG_WARN_RANGE_LOOP_ANALYSIS = YES;
				CLANG_WARN_STRICT_PROTOTYPES = YES;
				CLANG_WARN_SUSPICIOUS_MOVE = YES;
				CLANG_WARN_UNGUARDED_AVAILABILITY = YES_AGGRESSIVE;
				CLANG_WARN_UNREACHABLE_CODE = YES;
				CLANG_WARN__DUPLICATE_METHOD_MATCH = YES;
				CODE_SIGN_IDENTITY = "iPhone Developer";
				COPY_PHASE_STRIP = NO;
				DEBUG_INFORMATION_FORMAT = "dwarf-with-dsym";
				ENABLE_NS_ASSERTIONS = NO;
				ENABLE_STRICT_OBJC_MSGSEND = YES;
				GCC_C_LANGUAGE_STANDARD = gnu11;
				GCC_NO_COMMON_BLOCKS = YES;
				GCC_WARN_64_TO_32_BIT_CONVERSION = YES;
				GCC_WARN_ABOUT_RETURN_TYPE = YES_ERROR;
				GCC_WARN_UNDECLARED_SELECTOR = YES;
				GCC_WARN_UNINITIALIZED_AUTOS = YES_AGGRESSIVE;
				GCC_WARN_UNUSED_FUNCTION = YES;
				GCC_WARN_UNUSED_VARIABLE = YES;
				IPHONEOS_DEPLOYMENT_TARGET = 11.2;
				MTL_ENABLE_DEBUG_INFO = NO;
				SDKROOT = iphoneos;
				SWIFT_OPTIMIZATION_LEVEL = "-Owholemodule";
				VALIDATE_PRODUCT = YES;
			};
			name = Release;
		};
		AF914BF620173B4C0074BA24 /* Debug */ = {
			isa = XCBuildConfiguration;
			buildSettings = {
				ASSETCATALOG_COMPILER_APPICON_NAME = AppIcon;
				CODE_SIGN_STYLE = Automatic;
				DEVELOPMENT_TEAM = LT2ZWB24ZA;
				INFOPLIST_FILE = Projekt_1/Info.plist;
				LD_RUNPATH_SEARCH_PATHS = "$(inherited) @executable_path/Frameworks";
				PRODUCT_BUNDLE_IDENTIFIER = "se.nackademin.ma17.henriklarsson.Projekt-1";
				PRODUCT_NAME = "$(TARGET_NAME)";
				SWIFT_VERSION = 4.0;
				TARGETED_DEVICE_FAMILY = 1;
			};
			name = Debug;
		};
		AF914BF720173B4C0074BA24 /* Release */ = {
			isa = XCBuildConfiguration;
			buildSettings = {
				ASSETCATALOG_COMPILER_APPICON_NAME = AppIcon;
				CODE_SIGN_STYLE = Automatic;
				DEVELOPMENT_TEAM = LT2ZWB24ZA;
				INFOPLIST_FILE = Projekt_1/Info.plist;
				LD_RUNPATH_SEARCH_PATHS = "$(inherited) @executable_path/Frameworks";
				PRODUCT_BUNDLE_IDENTIFIER = "se.nackademin.ma17.henriklarsson.Projekt-1";
				PRODUCT_NAME = "$(TARGET_NAME)";
				SWIFT_VERSION = 4.0;
				TARGETED_DEVICE_FAMILY = 1;
			};
			name = Release;
		};
/* End XCBuildConfiguration section */

/* Begin XCConfigurationList section */
		AF914BDE20173B4B0074BA24 /* Build configuration list for PBXProject "Projekt_1-2" */ = {
			isa = XCConfigurationList;
			buildConfigurations = (
				AF914BF320173B4C0074BA24 /* Debug */,
				AF914BF420173B4C0074BA24 /* Release */,
			);
			defaultConfigurationIsVisible = 0;
			defaultConfigurationName = Release;
		};
		AF914BF520173B4C0074BA24 /* Build configuration list for PBXNativeTarget "Projekt_1" */ = {
			isa = XCConfigurationList;
			buildConfigurations = (
				AF914BF620173B4C0074BA24 /* Debug */,
				AF914BF720173B4C0074BA24 /* Release */,
			);
			defaultConfigurationIsVisible = 0;
			defaultConfigurationName = Release;
		};
/* End XCConfigurationList section */
	};
	rootObject = AF914BDB20173B4B0074BA24 /* Project object */;
}
